
Microsoft Visual Studio Solution File, Format Version 12.00
# Visual Studio Version 17
VisualStudioVersion = 17.9.34728.123
MinimumVisualStudioVersion = 10.0.40219.1
Project("{FAE04EC0-301F-11D3-BF4B-00C04F79EFBC}") = "personapi-dotnet", "personapi-dotnet.csproj", "{06708760-27B7-4DAE-BD2A-AD711A3D122A}"
EndProject
Global
	GlobalSection(SolutionConfigurationPlatforms) = preSolution
		Debug|Any CPU = Debug|Any CPU
		Release|Any CPU = Release|Any CPU
	EndGlobalSection
	GlobalSection(ProjectConfigurationPlatforms) = postSolution
		{06708760-27B7-4DAE-BD2A-AD711A3D122A}.Debug|Any CPU.ActiveCfg = Debug|Any CPU
		{06708760-27B7-4DAE-BD2A-AD711A3D122A}.Debug|Any CPU.Build.0 = Debug|Any CPU
		{06708760-27B7-4DAE-BD2A-AD711A3D122A}.Release|Any CPU.ActiveCfg = Release|Any CPU
		{06708760-27B7-4DAE-BD2A-AD711A3D122A}.Release|Any CPU.Build.0 = Release|Any CPU
	EndGlobalSection
	GlobalSection(SolutionProperties) = preSolution
		HideSolutionNode = FALSE
	EndGlobalSection
	GlobalSection(ExtensibilityGlobals) = postSolution
		SolutionGuid = {3421770C-5C9A-4B99-9F1E-494D5915376D}
	EndGlobalSection
EndGlobal
